
Microsoft Visual Studio Solution File, Format Version 12.00
# Visual Studio for Mac
Project("{FAE04EC0-301F-11D3-BF4B-00C04F79EFBC}") = "myRoadToChina", "myRoadToChina.csproj", "{299F12D8-8DED-B91B-1DFD-08B42BE3D134}"
EndProject
Global
	GlobalSection(SolutionConfigurationPlatforms) = preSolution
		Debug|Any CPU = Debug|Any CPU
		Release|Any CPU = Release|Any CPU
	EndGlobalSection
	GlobalSection(ProjectConfigurationPlatforms) = postSolution
		{299F12D8-8DED-B91B-1DFD-08B42BE3D134}.Debug|Any CPU.ActiveCfg = Debug|Any CPU
		{299F12D8-8DED-B91B-1DFD-08B42BE3D134}.Debug|Any CPU.Build.0 = Debug|Any CPU
		{299F12D8-8DED-B91B-1DFD-08B42BE3D134}.Release|Any CPU.ActiveCfg = Release|Any CPU
		{299F12D8-8DED-B91B-1DFD-08B42BE3D134}.Release|Any CPU.Build.0 = Release|Any CPU
	EndGlobalSection
	GlobalSection(SolutionProperties) = preSolution
		HideSolutionNode = FALSE
	EndGlobalSection
EndGlobal
