
Microsoft Visual Studio Solution File, Format Version 11.00
# Visual Studio 2010
Project("{FAE04EC0-301F-11D3-BF4B-00C04F79EFBC}") = "RoadToChina", "Assembly-CSharp.csproj", "{42CFE513-D6D6-F5C4-7D12-3B7F63785DFF}"
EndProject
Global
	GlobalSection(SolutionConfigurationPlatforms) = preSolution
		Debug|Any CPU = Debug|Any CPU
		Release|Any CPU = Release|Any CPU
	EndGlobalSection
	GlobalSection(ProjectConfigurationPlatforms) = postSolution
		{42CFE513-D6D6-F5C4-7D12-3B7F63785DFF}.Debug|Any CPU.ActiveCfg = Debug|Any CPU
		{42CFE513-D6D6-F5C4-7D12-3B7F63785DFF}.Debug|Any CPU.Build.0 = Debug|Any CPU
		{42CFE513-D6D6-F5C4-7D12-3B7F63785DFF}.Release|Any CPU.ActiveCfg = Release|Any CPU
		{42CFE513-D6D6-F5C4-7D12-3B7F63785DFF}.Release|Any CPU.Build.0 = Release|Any CPU
	EndGlobalSection
	GlobalSection(SolutionProperties) = preSolution
		HideSolutionNode = FALSE
	EndGlobalSection
	GlobalSection(MonoDevelopProperties) = preSolution
		StartupItem = Assembly-CSharp.csproj
	EndGlobalSection
EndGlobal
